
Microsoft Visual Studio Solution File, Format Version 12.00
# Visual Studio Version 17
VisualStudioVersion = 17.5.33516.290
MinimumVisualStudioVersion = 10.0.40219.1
Project("{9A19103F-16F7-4668-BE54-9A1E7A4F7556}") = "DevIO.Business", "src\DevIO.Business\DevIO.Business.csproj", "{E0BF8C63-AECE-4105-9562-7AAF70D06217}"
EndProject
Project("{9A19103F-16F7-4668-BE54-9A1E7A4F7556}") = "DevIO.Data", "src\DevIO.Data\DevIO.Data.csproj", "{943DB9E7-5056-4756-A856-EA4FA98DE3B1}"
EndProject
Project("{FAE04EC0-301F-11D3-BF4B-00C04F79EFBC}") = "DevIO.Api", "src\DevIO.Api\DevIO.Api.csproj", "{9C1D5D0F-9A09-4013-8A03-83CBE9F5523E}"
EndProject
Global
	GlobalSection(SolutionConfigurationPlatforms) = preSolution
		Debug|Any CPU = Debug|Any CPU
		Release|Any CPU = Release|Any CPU
	EndGlobalSection
	GlobalSection(ProjectConfigurationPlatforms) = postSolution
		{E0BF8C63-AECE-4105-9562-7AAF70D06217}.Debug|Any CPU.ActiveCfg = Debug|Any CPU
		{E0BF8C63-AECE-4105-9562-7AAF70D06217}.Debug|Any CPU.Build.0 = Debug|Any CPU
		{E0BF8C63-AECE-4105-9562-7AAF70D06217}.Release|Any CPU.ActiveCfg = Release|Any CPU
		{E0BF8C63-AECE-4105-9562-7AAF70D06217}.Release|Any CPU.Build.0 = Release|Any CPU
		{943DB9E7-5056-4756-A856-EA4FA98DE3B1}.Debug|Any CPU.ActiveCfg = Debug|Any CPU
		{943DB9E7-5056-4756-A856-EA4FA98DE3B1}.Debug|Any CPU.Build.0 = Debug|Any CPU
		{943DB9E7-5056-4756-A856-EA4FA98DE3B1}.Release|Any CPU.ActiveCfg = Release|Any CPU
		{943DB9E7-5056-4756-A856-EA4FA98DE3B1}.Release|Any CPU.Build.0 = Release|Any CPU
		{9C1D5D0F-9A09-4013-8A03-83CBE9F5523E}.Debug|Any CPU.ActiveCfg = Debug|Any CPU
		{9C1D5D0F-9A09-4013-8A03-83CBE9F5523E}.Debug|Any CPU.Build.0 = Debug|Any CPU
		{9C1D5D0F-9A09-4013-8A03-83CBE9F5523E}.Release|Any CPU.ActiveCfg = Release|Any CPU
		{9C1D5D0F-9A09-4013-8A03-83CBE9F5523E}.Release|Any CPU.Build.0 = Release|Any CPU
	EndGlobalSection
	GlobalSection(SolutionProperties) = preSolution
		HideSolutionNode = FALSE
	EndGlobalSection
	GlobalSection(ExtensibilityGlobals) = postSolution
		SolutionGuid = {F7BF8DEE-AE92-415C-97F5-D0F5BFBDCA4E}
	EndGlobalSection
EndGlobal
